
Microsoft Visual Studio Solution File, Format Version 12.00
# Visual Studio Version 17
VisualStudioVersion = 17.5.002.0
MinimumVisualStudioVersion = 10.0.40219.1
Project("{9A19103F-16F7-4668-BE54-9A1E7A4F7556}") = "FileOrganizer", "FileOrganizer.csproj", "{28DC9AD9-5784-4D17-812E-B1B902C16B4A}"
EndProject
Global
	GlobalSection(SolutionConfigurationPlatforms) = preSolution
		Debug|Any CPU = Debug|Any CPU
		Release|Any CPU = Release|Any CPU
	EndGlobalSection
	GlobalSection(ProjectConfigurationPlatforms) = postSolution
		{28DC9AD9-5784-4D17-812E-B1B902C16B4A}.Debug|Any CPU.ActiveCfg = Debug|Any CPU
		{28DC9AD9-5784-4D17-812E-B1B902C16B4A}.Debug|Any CPU.Build.0 = Debug|Any CPU
		{28DC9AD9-5784-4D17-812E-B1B902C16B4A}.Release|Any CPU.ActiveCfg = Release|Any CPU
		{28DC9AD9-5784-4D17-812E-B1B902C16B4A}.Release|Any CPU.Build.0 = Release|Any CPU
	EndGlobalSection
	GlobalSection(SolutionProperties) = preSolution
		HideSolutionNode = FALSE
	EndGlobalSection
	GlobalSection(ExtensibilityGlobals) = postSolution
		SolutionGuid = {C6A99399-8B90-4ECD-ACFB-E27F19290B28}
	EndGlobalSection
EndGlobal
